
Microsoft Visual Studio Solution File, Format Version 12.00
# Visual Studio Version 16
VisualStudioVersion = 16.0.31112.23
MinimumVisualStudioVersion = 10.0.40219.1
Project("{8BC9CEB8-8B4A-11D0-8D11-00A0C91BC942}") = "ChessEngine", "ChessEngine\ChessEngine.vcxproj", "{C18ED818-379F-4F80-8CAB-37264447F066}"
EndProject
Project("{8BC9CEB8-8B4A-11D0-8D11-00A0C91BC942}") = "ChessEngine.Tests", "ChessEngine.Tests\ChessEngine.Tests.vcxproj", "{8F77A03C-DE95-4ABD-9F6C-0208EF6AA3D6}"
	ProjectSection(ProjectDependencies) = postProject
		{C18ED818-379F-4F80-8CAB-37264447F066} = {C18ED818-379F-4F80-8CAB-37264447F066}
	EndProjectSection
EndProject
Global
	GlobalSection(SolutionConfigurationPlatforms) = preSolution
		Debug|x64 = Debug|x64
		Debug|x86 = Debug|x86
		Release|x64 = Release|x64
		Release|x86 = Release|x86
	EndGlobalSection
	GlobalSection(ProjectConfigurationPlatforms) = postSolution
		{C18ED818-379F-4F80-8CAB-37264447F066}.Debug|x64.ActiveCfg = Debug|x64
		{C18ED818-379F-4F80-8CAB-37264447F066}.Debug|x64.Build.0 = Debug|x64
		{C18ED818-379F-4F80-8CAB-37264447F066}.Debug|x86.ActiveCfg = Debug|Win32
		{C18ED818-379F-4F80-8CAB-37264447F066}.Debug|x86.Build.0 = Debug|Win32
		{C18ED818-379F-4F80-8CAB-37264447F066}.Release|x64.ActiveCfg = Release|x64
		{C18ED818-379F-4F80-8CAB-37264447F066}.Release|x64.Build.0 = Release|x64
		{C18ED818-379F-4F80-8CAB-37264447F066}.Release|x86.ActiveCfg = Release|Win32
		{C18ED818-379F-4F80-8CAB-37264447F066}.Release|x86.Build.0 = Release|Win32
		{8F77A03C-DE95-4ABD-9F6C-0208EF6AA3D6}.Debug|x64.ActiveCfg = Debug|x64
		{8F77A03C-DE95-4ABD-9F6C-0208EF6AA3D6}.Debug|x64.Build.0 = Debug|x64
		{8F77A03C-DE95-4ABD-9F6C-0208EF6AA3D6}.Debug|x86.ActiveCfg = Debug|Win32
		{8F77A03C-DE95-4ABD-9F6C-0208EF6AA3D6}.Debug|x86.Build.0 = Debug|Win32
		{8F77A03C-DE95-4ABD-9F6C-0208EF6AA3D6}.Release|x64.ActiveCfg = Release|x64
		{8F77A03C-DE95-4ABD-9F6C-0208EF6AA3D6}.Release|x64.Build.0 = Release|x64
		{8F77A03C-DE95-4ABD-9F6C-0208EF6AA3D6}.Release|x86.ActiveCfg = Release|Win32
		{8F77A03C-DE95-4ABD-9F6C-0208EF6AA3D6}.Release|x86.Build.0 = Release|Win32
	EndGlobalSection
	GlobalSection(SolutionProperties) = preSolution
		HideSolutionNode = FALSE
	EndGlobalSection
	GlobalSection(ExtensibilityGlobals) = postSolution
		SolutionGuid = {AE881E25-BFA7-4C45-B82E-07EF934230BC}
	EndGlobalSection
EndGlobal
